<?xml version="1.0" encoding="utf-8"?>
<Project ToolsVersion="4.0" xmlns="http://schemas.microsoft.com/developer/msbuild/2003">
  <ItemGroup>
    <Filter Include="Archivos de origen">
      <UniqueIdentifier>{4FC737F1-C7A5-4376-A066-2A32D752A2FF}</UniqueIdentifier>
      <Extensions>cpp;c;cc;cxx;def;odl;idl;hpj;bat;asm;asmx</Extensions>
    </Filter>
    <Filter Include="Archivos de encabezado">
      <UniqueIdentifier>{93995380-89BD-4b04-88EB-625FBE52EBFB}</UniqueIdentifier>
      <Extensions>h;hh;hpp;hxx;hm;inl;inc;ipp;xsd</Extensions>
    </Filter>
    <Filter Include="Archivos de encabezado\NETWORKING">
      <UniqueIdentifier>{e393bbb6-5030-442b-9705-8a938d73a0f4}</UniqueIdentifier>
    </Filter>
    <Filter Include="Archivos de origen\NETWORKING">
      <UniqueIdentifier>{df4a17f2-ef9a-4928-b65f-1a4c227f2594}</UniqueIdentifier>
    </Filter>
    <Filter Include="Archivos de origen\FSM">
      <UniqueIdentifier>{dee5636f-df4b-47ee-a4cd-aa71768dcdf7}</UniqueIdentifier>
    </Filter>
    <Filter Include="Archivos de encabezado\FSM">
      <UniqueIdentifier>{ef5554de-85c3-4835-b2bf-a45b52bc679c}</UniqueIdentifier>
    </Filter>
    <Filter Include="Archivos de encabezado\MVC: Models">
      <UniqueIdentifier>{813a6877-2474-4d6d-8cfa-c990c9160f18}</UniqueIdentifier>
    </Filter>
    <Filter Include="Archivos de encabezado\MVC: Controllers">
      <UniqueIdentifier>{f4e1b637-93ed-43e0-8d2b-714725b4f8bc}</UniqueIdentifier>
    </Filter>
    <Filter Include="Archivos de encabezado\MVC: Viewers">
      <UniqueIdentifier>{c4431124-68c1-46a8-a7df-9ae1af1c9827}</UniqueIdentifier>
    </Filter>
    <Filter Include="Archivos de origen\MVC: Viewers">
      <UniqueIdentifier>{63b1595f-45be-4b1f-b814-77251ba95663}</UniqueIdentifier>
    </Filter>
    <Filter Include="Archivos de origen\MVC: Models">
      <UniqueIdentifier>{fb1f0aaa-d123-45f6-9c87-8291b680bb56}</UniqueIdentifier>
    </Filter>
    <Filter Include="Archivos de origen\MVC: Controllers">
      <UniqueIdentifier>{27a66a51-8888-4c81-b0bd-d1806e7a645d}</UniqueIdentifier>
    </Filter>
    <Filter Include="Archivos de encabezado\EV GENERATORS">
      <UniqueIdentifier>{1fbc10f1-e0fa-46c9-9c13-5463444cc100}</UniqueIdentifier>
    </Filter>
    <Filter Include="Archivos de origen\EV GENERATORS">
      <UniqueIdentifier>{06221f89-c51e-4385-816f-e5cbb1b0a0ed}</UniqueIdentifier>
    </Filter>
  </ItemGroup>
  <ItemGroup>
    <ClCompile Include="eventHandling.cpp">
      <Filter>Archivos de origen</Filter>
    </ClCompile>
    <ClCompile Include="main.cpp">
      <Filter>Archivos de origen</Filter>
    </ClCompile>
    <ClCompile Include="catanGameModel.cpp">
      <Filter>Archivos de origen\MVC: Models</Filter>
    </ClCompile>
    <ClCompile Include="catanMapModel.cpp">
      <Filter>Archivos de origen\MVC: Models</Filter>
    </ClCompile>
    <ClCompile Include="catanPlayerModel.cpp">
      <Filter>Archivos de origen\MVC: Models</Filter>
    </ClCompile>
    <ClCompile Include="EDASubject.cpp">
      <Filter>Archivos de origen\MVC: Models</Filter>
    </ClCompile>
    <ClCompile Include="Client.cpp">
      <Filter>Archivos de origen\NETWORKING</Filter>
    </ClCompile>
    <ClCompile Include="connectionEstablisher.cpp">
      <Filter>Archivos de origen\NETWORKING</Filter>
    </ClCompile>
    <ClCompile Include="connector.cpp">
      <Filter>Archivos de origen\NETWORKING</Filter>
    </ClCompile>
    <ClCompile Include="netwEvGenerator.cpp">
      <Filter>Archivos de origen\NETWORKING</Filter>
    </ClCompile>
    <ClCompile Include="networkingEvents.cpp">
      <Filter>Archivos de origen\NETWORKING</Filter>
    </ClCompile>
    <ClCompile Include="networkingFSM.cpp">
      <Filter>Archivos de origen\NETWORKING</Filter>
    </ClCompile>
    <ClCompile Include="Server.cpp">
      <Filter>Archivos de origen\NETWORKING</Filter>
    </ClCompile>
    <ClCompile Include="netwEmisor.cpp">
      <Filter>Archivos de origen\NETWORKING</Filter>
    </ClCompile>
    <ClCompile Include="gameEventGenerator.cpp">
      <Filter>Archivos de origen</Filter>
    </ClCompile>
    <ClCompile Include="startMenu.cpp">
      <Filter>Archivos de origen\MVC: Viewers</Filter>
    </ClCompile>
    <ClCompile Include="mapViewer.cpp">
      <Filter>Archivos de origen\MVC: Viewers</Filter>
    </ClCompile>
    <ClCompile Include="player1Viewer.cpp">
      <Filter>Archivos de origen\MVC: Viewers</Filter>
    </ClCompile>
    <ClCompile Include="player2Viewer.cpp">
      <Filter>Archivos de origen\MVC: Viewers</Filter>
    </ClCompile>
    <ClCompile Include="bossFSM.cpp">
      <Filter>Archivos de origen\FSM</Filter>
    </ClCompile>
    <ClCompile Include="bossFSMEvents.cpp">
      <Filter>Archivos de origen\FSM</Filter>
    </ClCompile>
    <ClCompile Include="genericFSM.cpp">
      <Filter>Archivos de origen\FSM</Filter>
    </ClCompile>
    <ClCompile Include="handShakingFSM.cpp">
      <Filter>Archivos de origen\FSM</Filter>
    </ClCompile>
    <ClCompile Include="playingFSM.cpp">
      <Filter>Archivos de origen\FSM</Filter>
    </ClCompile>
    <ClCompile Include="allegroInit.cpp">
      <Filter>Archivos de origen\MVC: Viewers</Filter>
    </ClCompile>
    <ClCompile Include="gameCoords.cpp">
      <Filter>Archivos de origen</Filter>
    </ClCompile>
    <ClCompile Include="quitButton.cpp">
      <Filter>Archivos de origen\MVC: Models</Filter>
    </ClCompile>
    <ClCompile Include="inputActionButtonController.cpp">
      <Filter>Archivos de origen\MVC: Controllers</Filter>
    </ClCompile>
    <ClCompile Include="inputCardsController.cpp">
      <Filter>Archivos de origen\MVC: Controllers</Filter>
    </ClCompile>
    <ClCompile Include="inputEdgeAndVertexController.cpp">
      <Filter>Archivos de origen\MVC: Controllers</Filter>
    </ClCompile>
    <ClCompile Include="inputHexagonController.cpp">
      <Filter>Archivos de origen\MVC: Controllers</Filter>
    </ClCompile>
    <ClCompile Include="netwConstructionController.cpp">
      <Filter>Archivos de origen\MVC: Controllers</Filter>
    </ClCompile>
    <ClCompile Include="quitButtonController.cpp">
      <Filter>Archivos de origen\MVC: Controllers</Filter>
    </ClCompile>
    <ClCompile Include="EDANetworkingController.cpp">
      <Filter>Archivos de origen\MVC: Controllers</Filter>
    </ClCompile>
    <ClCompile Include="quitPackageReceiver.cpp">
      <Filter>Archivos de origen</Filter>
    </ClCompile>
    <ClCompile Include="netwDicesController.cpp">
      <Filter>Archivos de origen\MVC: Controllers</Filter>
    </ClCompile>
    <ClCompile Include="inputTickAndXController.cpp">
      <Filter>Archivos de origen\MVC: Controllers</Filter>
    </ClCompile>
    <ClCompile Include="networkingObserver.cpp">
      <Filter>Archivos de origen\MVC: Viewers</Filter>
    </ClCompile>
    <ClCompile Include="gameModelViewer.cpp">
      <Filter>Archivos de origen\MVC: Viewers</Filter>
    </ClCompile>
    <ClCompile Include="exitViewer.cpp">
      <Filter>Archivos de origen\MVC: Viewers</Filter>
    </ClCompile>
    <ClCompile Include="netwYNController.cpp">
      <Filter>Archivos de origen\MVC: Controllers</Filter>
    </ClCompile>
    <ClCompile Include="inputStateController.cpp">
      <Filter>Archivos de origen\MVC: Controllers</Filter>
    </ClCompile>
    <ClCompile Include="netwOfferTradeController.cpp">
      <Filter>Archivos de origen\MVC: Controllers</Filter>
    </ClCompile>
    <ClCompile Include="netwBankTradeController.cpp">
      <Filter>Archivos de origen\MVC: Controllers</Filter>
    </ClCompile>
    <ClCompile Include="netwRobberCardsController.cpp">
      <Filter>Archivos de origen\MVC: Controllers</Filter>
    </ClCompile>
    <ClCompile Include="netwRobberMoveController.cpp">
      <Filter>Archivos de origen\MVC: Controllers</Filter>
    </ClCompile>
    <ClCompile Include="inputEventGenerator.cpp">
      <Filter>Archivos de origen\EV GENERATORS</Filter>
    </ClCompile>
    <ClCompile Include="timerEventGenerator.cpp">
      <Filter>Archivos de origen\EV GENERATORS</Filter>
    </ClCompile>
    <ClCompile Include="waitingGame.cpp">
      <Filter>Archivos de origen</Filter>
    </ClCompile>
    <ClCompile Include="catanGameSetter.cpp">
      <Filter>Archivos de origen</Filter>
    </ClCompile>
    <ClCompile Include="netwAckController.cpp">
      <Filter>Archivos de origen</Filter>
    </ClCompile>
    <ClCompile Include="messageDisplayer.cpp">
      <Filter>Archivos de origen</Filter>
    </ClCompile>
  </ItemGroup>
  <ItemGroup>
    <ClInclude Include="catanGameModel.h">
      <Filter>Archivos de encabezado\MVC: Models</Filter>
    </ClInclude>
    <ClInclude Include="catanMapModel.h">
      <Filter>Archivos de encabezado\MVC: Models</Filter>
    </ClInclude>
    <ClInclude Include="catanPlayerModel.h">
      <Filter>Archivos de encabezado\MVC: Models</Filter>
    </ClInclude>
    <ClInclude Include="EDASubject.h">
      <Filter>Archivos de encabezado\MVC: Models</Filter>
    </ClInclude>
    <ClInclude Include="connectionEstablisher.h">
      <Filter>Archivos de encabezado\NETWORKING</Filter>
    </ClInclude>
    <ClInclude Include="Client.h">
      <Filter>Archivos de encabezado\NETWORKING</Filter>
    </ClInclude>
    <ClInclude Include="Server.h">
      <Filter>Archivos de encabezado\NETWORKING</Filter>
    </ClInclude>
    <ClInclude Include="netwEvGenerator.h">
      <Filter>Archivos de encabezado\NETWORKING</Filter>
    </ClInclude>
    <ClInclude Include="networkingEvents.h">
      <Filter>Archivos de encabezado\NETWORKING</Filter>
    </ClInclude>
    <ClInclude Include="netwEmisor.h">
      <Filter>Archivos de encabezado\NETWORKING</Filter>
    </ClInclude>
    <ClInclude Include="connector.h">
      <Filter>Archivos de encabezado\NETWORKING</Filter>
    </ClInclude>
    <ClInclude Include="gameDefines.h">
      <Filter>Archivos de encabezado</Filter>
    </ClInclude>
    <ClInclude Include="startMenu.h">
      <Filter>Archivos de encabezado\MVC: Viewers</Filter>
    </ClInclude>
    <ClInclude Include="mapViewer.h">
      <Filter>Archivos de encabezado\MVC: Viewers</Filter>
    </ClInclude>
    <ClInclude Include="player1Viewer.h">
      <Filter>Archivos de encabezado\MVC: Viewers</Filter>
    </ClInclude>
    <ClInclude Include="player2Viewer.h">
      <Filter>Archivos de encabezado\MVC: Viewers</Filter>
    </ClInclude>
    <ClInclude Include="playingFSM.h">
      <Filter>Archivos de encabezado\FSM</Filter>
    </ClInclude>
    <ClInclude Include="handShakingFSM.h">
      <Filter>Archivos de encabezado\FSM</Filter>
    </ClInclude>
    <ClInclude Include="genericFSM.h">
      <Filter>Archivos de encabezado\FSM</Filter>
    </ClInclude>
    <ClInclude Include="bossFSMEvents.h">
      <Filter>Archivos de encabezado\FSM</Filter>
    </ClInclude>
    <ClInclude Include="bossFSM.h">
      <Filter>Archivos de encabezado\FSM</Filter>
    </ClInclude>
    <ClInclude Include="allegroInit.h">
      <Filter>Archivos de encabezado\MVC: Viewers</Filter>
    </ClInclude>
    <ClInclude Include="gameCoords.h">
      <Filter>Archivos de encabezado</Filter>
    </ClInclude>
    <ClInclude Include="EDAInputController.h">
      <Filter>Archivos de encabezado\MVC: Controllers</Filter>
    </ClInclude>
    <ClInclude Include="EDANetworkingController.h">
      <Filter>Archivos de encabezado\MVC: Controllers</Filter>
    </ClInclude>
    <ClInclude Include="inputActionButtonController.h">
      <Filter>Archivos de encabezado\MVC: Controllers</Filter>
    </ClInclude>
    <ClInclude Include="inputCardsController.h">
      <Filter>Archivos de encabezado\MVC: Controllers</Filter>
    </ClInclude>
    <ClInclude Include="inputEdgeAndVertexController.h">
      <Filter>Archivos de encabezado\MVC: Controllers</Filter>
    </ClInclude>
    <ClInclude Include="inputHexagonController.h">
      <Filter>Archivos de encabezado\MVC: Controllers</Filter>
    </ClInclude>
    <ClInclude Include="netwConstructionController.h">
      <Filter>Archivos de encabezado\MVC: Controllers</Filter>
    </ClInclude>
    <ClInclude Include="quitButtonController.h">
      <Filter>Archivos de encabezado\MVC: Controllers</Filter>
    </ClInclude>
    <ClInclude Include="observer.h">
      <Filter>Archivos de encabezado\MVC: Viewers</Filter>
    </ClInclude>
    <ClInclude Include="quitButton.h">
      <Filter>Archivos de encabezado\MVC: Models</Filter>
    </ClInclude>
    <ClInclude Include="gameEventGenerator.h">
      <Filter>Archivos de encabezado</Filter>
    </ClInclude>
    <ClInclude Include="quitPackageReceiver.h">
      <Filter>Archivos de encabezado</Filter>
    </ClInclude>
    <ClInclude Include="eventHandling.h">
      <Filter>Archivos de encabezado</Filter>
    </ClInclude>
    <ClInclude Include="netwDicesController.h">
      <Filter>Archivos de encabezado\MVC: Controllers</Filter>
    </ClInclude>
    <ClInclude Include="inputTickAndXController.h">
      <Filter>Archivos de encabezado\MVC: Controllers</Filter>
    </ClInclude>
    <ClInclude Include="networkingObserver.h">
      <Filter>Archivos de encabezado\MVC: Viewers</Filter>
    </ClInclude>
    <ClInclude Include="gameModelViewer.h">
      <Filter>Archivos de encabezado\MVC: Viewers</Filter>
    </ClInclude>
    <ClInclude Include="exitViewer.h">
      <Filter>Archivos de encabezado\MVC: Viewers</Filter>
    </ClInclude>
    <ClInclude Include="netwYNController.h">
      <Filter>Archivos de encabezado\MVC: Controllers</Filter>
    </ClInclude>
    <ClInclude Include="inputStateController.h">
      <Filter>Archivos de encabezado\MVC: Controllers</Filter>
    </ClInclude>
    <ClInclude Include="netwRobberMoveController.h">
      <Filter>Archivos de encabezado\MVC: Controllers</Filter>
    </ClInclude>
    <ClInclude Include="netwRobberCardsController.h">
      <Filter>Archivos de encabezado\MVC: Controllers</Filter>
    </ClInclude>
    <ClInclude Include="netwOfferTradeController.h">
      <Filter>Archivos de encabezado\MVC: Controllers</Filter>
    </ClInclude>
    <ClInclude Include="netwBankTradeController.h">
      <Filter>Archivos de encabezado\MVC: Controllers</Filter>
    </ClInclude>
    <ClInclude Include="inputEventGenerator.h">
      <Filter>Archivos de encabezado\EV GENERATORS</Filter>
    </ClInclude>
    <ClInclude Include="timerEventGenerator.h">
      <Filter>Archivos de encabezado\EV GENERATORS</Filter>
    </ClInclude>
    <ClInclude Include="graphicator.h">
      <Filter>Archivos de encabezado</Filter>
    </ClInclude>
    <ClInclude Include="waitingGame.h">
      <Filter>Archivos de encabezado</Filter>
    </ClInclude>
    <ClInclude Include="catanGameSetter.h">
      <Filter>Archivos de encabezado</Filter>
    </ClInclude>
    <ClInclude Include="netwAckController.h">
      <Filter>Archivos de encabezado</Filter>
    </ClInclude>
    <ClInclude Include="messageDisplayer.h">
      <Filter>Archivos de encabezado</Filter>
    </ClInclude>
    <ClInclude Include="gameGraphicator.h">
      <Filter>Archivos de encabezado</Filter>
    </ClInclude>
  </ItemGroup>
  <ItemGroup>
    <None Include="packages.config" />
    <None Include="ClassDiagram.cd" />
  </ItemGroup>
</Project>